
Microsoft Visual Studio Solution File, Format Version 12.00
# Visual Studio 15
VisualStudioVersion = 15.0.28010.2046
MinimumVisualStudioVersion = 10.0.40219.1
Project("{9A19103F-16F7-4668-BE54-9A1E7A4F7556}") = "FactuCR", "FactuCR\FactuCR.csproj", "{485058AB-AA8E-4A92-8E36-18AA1147BC97}"
EndProject
Global
	GlobalSection(SolutionConfigurationPlatforms) = preSolution
		Debug|Any CPU = Debug|Any CPU
		Release|Any CPU = Release|Any CPU
	EndGlobalSection
	GlobalSection(ProjectConfigurationPlatforms) = postSolution
		{485058AB-AA8E-4A92-8E36-18AA1147BC97}.Debug|Any CPU.ActiveCfg = Debug|Any CPU
		{485058AB-AA8E-4A92-8E36-18AA1147BC97}.Debug|Any CPU.Build.0 = Debug|Any CPU
		{485058AB-AA8E-4A92-8E36-18AA1147BC97}.Release|Any CPU.ActiveCfg = Release|Any CPU
		{485058AB-AA8E-4A92-8E36-18AA1147BC97}.Release|Any CPU.Build.0 = Release|Any CPU
	EndGlobalSection
	GlobalSection(SolutionProperties) = preSolution
		HideSolutionNode = FALSE
	EndGlobalSection
	GlobalSection(ExtensibilityGlobals) = postSolution
		SolutionGuid = {BDAF188A-0C3F-48B7-A405-C33B83A65029}
	EndGlobalSection
EndGlobal
